
Microsoft Visual Studio Solution File, Format Version 12.00
# Visual Studio Version 16
VisualStudioVersion = 16.0.30204.135
MinimumVisualStudioVersion = 10.0.40219.1
Project("{FAE04EC0-301F-11D3-BF4B-00C04F79EFBC}") = "BatteryPercentage", "BatteryPercentage\BatteryPercentage.csproj", "{D2462338-C161-48A3-8842-47CC6B9293DE}"
EndProject
Global
	GlobalSection(SolutionConfigurationPlatforms) = preSolution
		Debug|Any CPU = Debug|Any CPU
		Release|Any CPU = Release|Any CPU
	EndGlobalSection
	GlobalSection(ProjectConfigurationPlatforms) = postSolution
		{D2462338-C161-48A3-8842-47CC6B9293DE}.Debug|Any CPU.ActiveCfg = Debug|Any CPU
		{D2462338-C161-48A3-8842-47CC6B9293DE}.Debug|Any CPU.Build.0 = Debug|Any CPU
		{D2462338-C161-48A3-8842-47CC6B9293DE}.Release|Any CPU.ActiveCfg = Release|Any CPU
		{D2462338-C161-48A3-8842-47CC6B9293DE}.Release|Any CPU.Build.0 = Release|Any CPU
	EndGlobalSection
	GlobalSection(SolutionProperties) = preSolution
		HideSolutionNode = FALSE
	EndGlobalSection
	GlobalSection(ExtensibilityGlobals) = postSolution
		SolutionGuid = {0AB86B1D-00BE-4ED4-8424-BE607AAE8EBF}
	EndGlobalSection
EndGlobal
